
Microsoft Visual Studio Solution File, Format Version 12.00
# Visual Studio Version 17
VisualStudioVersion = 17.11.35312.102
MinimumVisualStudioVersion = 10.0.40219.1
Project("{8BC9CEB8-8B4A-11D0-8D11-00A0C91BC942}") = "Task02", "Task02\Task02.vcxproj", "{98016C27-AAAB-4044-9090-CA7142457A03}"
EndProject
Project("{8BC9CEB8-8B4A-11D0-8D11-00A0C91BC942}") = "Task01", "Task01\Task01.vcxproj", "{22667970-93D9-4E43-8EEB-4E39BD4FBA8B}"
EndProject
Project("{8BC9CEB8-8B4A-11D0-8D11-00A0C91BC942}") = "Task03", "Task03\Task03.vcxproj", "{0851A756-EC50-47BC-9AD2-66566F343D61}"
EndProject
Project("{8BC9CEB8-8B4A-11D0-8D11-00A0C91BC942}") = "Task04", "Task04\Task04.vcxproj", "{A742A18F-DFE8-4A9A-96F3-C546CE1F4191}"
EndProject
Project("{8BC9CEB8-8B4A-11D0-8D11-00A0C91BC942}") = "Task05", "Task05\Task05.vcxproj", "{CCDDCA02-67A2-432D-8997-B42BC4F6A824}"
EndProject
Project("{8BC9CEB8-8B4A-11D0-8D11-00A0C91BC942}") = "Task06", "Task06\Task06.vcxproj", "{83D7CF4A-23D2-43CF-9396-33EC4E2C62D7}"
EndProject
Project("{8BC9CEB8-8B4A-11D0-8D11-00A0C91BC942}") = "Task07", "Task07\Task07.vcxproj", "{8EE28A96-5267-49DF-B42B-A66D447EEDEF}"
EndProject
Project("{8BC9CEB8-8B4A-11D0-8D11-00A0C91BC942}") = "Task08", "Task08\Task08.vcxproj", "{B3F1FC1A-991D-44B4-B992-9EFEBB19CABB}"
EndProject
Project("{8BC9CEB8-8B4A-11D0-8D11-00A0C91BC942}") = "Task09", "Task09\Task09.vcxproj", "{8D2D75C6-02F1-4B2D-8D4B-AE9E3A3E7063}"
EndProject
Project("{8BC9CEB8-8B4A-11D0-8D11-00A0C91BC942}") = "Task10", "Task10\Task10.vcxproj", "{FAADDD80-9BA9-4481-B088-CE9EDC7DD045}"
EndProject
Global
	GlobalSection(SolutionConfigurationPlatforms) = preSolution
		Debug|x64 = Debug|x64
		Debug|x86 = Debug|x86
		Release|x64 = Release|x64
		Release|x86 = Release|x86
	EndGlobalSection
	GlobalSection(ProjectConfigurationPlatforms) = postSolution
		{98016C27-AAAB-4044-9090-CA7142457A03}.Debug|x64.ActiveCfg = Debug|x64
		{98016C27-AAAB-4044-9090-CA7142457A03}.Debug|x64.Build.0 = Debug|x64
		{98016C27-AAAB-4044-9090-CA7142457A03}.Debug|x86.ActiveCfg = Debug|Win32
		{98016C27-AAAB-4044-9090-CA7142457A03}.Debug|x86.Build.0 = Debug|Win32
		{98016C27-AAAB-4044-9090-CA7142457A03}.Release|x64.ActiveCfg = Release|x64
		{98016C27-AAAB-4044-9090-CA7142457A03}.Release|x64.Build.0 = Release|x64
		{98016C27-AAAB-4044-9090-CA7142457A03}.Release|x86.ActiveCfg = Release|Win32
		{98016C27-AAAB-4044-9090-CA7142457A03}.Release|x86.Build.0 = Release|Win32
		{22667970-93D9-4E43-8EEB-4E39BD4FBA8B}.Debug|x64.ActiveCfg = Debug|x64
		{22667970-93D9-4E43-8EEB-4E39BD4FBA8B}.Debug|x64.Build.0 = Debug|x64
		{22667970-93D9-4E43-8EEB-4E39BD4FBA8B}.Debug|x86.ActiveCfg = Debug|Win32
		{22667970-93D9-4E43-8EEB-4E39BD4FBA8B}.Debug|x86.Build.0 = Debug|Win32
		{22667970-93D9-4E43-8EEB-4E39BD4FBA8B}.Release|x64.ActiveCfg = Release|x64
		{22667970-93D9-4E43-8EEB-4E39BD4FBA8B}.Release|x64.Build.0 = Release|x64
		{22667970-93D9-4E43-8EEB-4E39BD4FBA8B}.Release|x86.ActiveCfg = Release|Win32
		{22667970-93D9-4E43-8EEB-4E39BD4FBA8B}.Release|x86.Build.0 = Release|Win32
		{0851A756-EC50-47BC-9AD2-66566F343D61}.Debug|x64.ActiveCfg = Debug|x64
		{0851A756-EC50-47BC-9AD2-66566F343D61}.Debug|x64.Build.0 = Debug|x64
		{0851A756-EC50-47BC-9AD2-66566F343D61}.Debug|x86.ActiveCfg = Debug|Win32
		{0851A756-EC50-47BC-9AD2-66566F343D61}.Debug|x86.Build.0 = Debug|Win32
		{0851A756-EC50-47BC-9AD2-66566F343D61}.Release|x64.ActiveCfg = Release|x64
		{0851A756-EC50-47BC-9AD2-66566F343D61}.Release|x64.Build.0 = Release|x64
		{0851A756-EC50-47BC-9AD2-66566F343D61}.Release|x86.ActiveCfg = Release|Win32
		{0851A756-EC50-47BC-9AD2-66566F343D61}.Release|x86.Build.0 = Release|Win32
		{A742A18F-DFE8-4A9A-96F3-C546CE1F4191}.Debug|x64.ActiveCfg = Debug|x64
		{A742A18F-DFE8-4A9A-96F3-C546CE1F4191}.Debug|x64.Build.0 = Debug|x64
		{A742A18F-DFE8-4A9A-96F3-C546CE1F4191}.Debug|x86.ActiveCfg = Debug|Win32
		{A742A18F-DFE8-4A9A-96F3-C546CE1F4191}.Debug|x86.Build.0 = Debug|Win32
		{A742A18F-DFE8-4A9A-96F3-C546CE1F4191}.Release|x64.ActiveCfg = Release|x64
		{A742A18F-DFE8-4A9A-96F3-C546CE1F4191}.Release|x64.Build.0 = Release|x64
		{A742A18F-DFE8-4A9A-96F3-C546CE1F4191}.Release|x86.ActiveCfg = Release|Win32
		{A742A18F-DFE8-4A9A-96F3-C546CE1F4191}.Release|x86.Build.0 = Release|Win32
		{CCDDCA02-67A2-432D-8997-B42BC4F6A824}.Debug|x64.ActiveCfg = Debug|x64
		{CCDDCA02-67A2-432D-8997-B42BC4F6A824}.Debug|x64.Build.0 = Debug|x64
		{CCDDCA02-67A2-432D-8997-B42BC4F6A824}.Debug|x86.ActiveCfg = Debug|Win32
		{CCDDCA02-67A2-432D-8997-B42BC4F6A824}.Debug|x86.Build.0 = Debug|Win32
		{CCDDCA02-67A2-432D-8997-B42BC4F6A824}.Release|x64.ActiveCfg = Release|x64
		{CCDDCA02-67A2-432D-8997-B42BC4F6A824}.Release|x64.Build.0 = Release|x64
		{CCDDCA02-67A2-432D-8997-B42BC4F6A824}.Release|x86.ActiveCfg = Release|Win32
		{CCDDCA02-67A2-432D-8997-B42BC4F6A824}.Release|x86.Build.0 = Release|Win32
		{83D7CF4A-23D2-43CF-9396-33EC4E2C62D7}.Debug|x64.ActiveCfg = Debug|x64
		{83D7CF4A-23D2-43CF-9396-33EC4E2C62D7}.Debug|x64.Build.0 = Debug|x64
		{83D7CF4A-23D2-43CF-9396-33EC4E2C62D7}.Debug|x86.ActiveCfg = Debug|Win32
		{83D7CF4A-23D2-43CF-9396-33EC4E2C62D7}.Debug|x86.Build.0 = Debug|Win32
		{83D7CF4A-23D2-43CF-9396-33EC4E2C62D7}.Release|x64.ActiveCfg = Release|x64
		{83D7CF4A-23D2-43CF-9396-33EC4E2C62D7}.Release|x64.Build.0 = Release|x64
		{83D7CF4A-23D2-43CF-9396-33EC4E2C62D7}.Release|x86.ActiveCfg = Release|Win32
		{83D7CF4A-23D2-43CF-9396-33EC4E2C62D7}.Release|x86.Build.0 = Release|Win32
		{8EE28A96-5267-49DF-B42B-A66D447EEDEF}.Debug|x64.ActiveCfg = Debug|x64
		{8EE28A96-5267-49DF-B42B-A66D447EEDEF}.Debug|x64.Build.0 = Debug|x64
		{8EE28A96-5267-49DF-B42B-A66D447EEDEF}.Debug|x86.ActiveCfg = Debug|Win32
		{8EE28A96-5267-49DF-B42B-A66D447EEDEF}.Debug|x86.Build.0 = Debug|Win32
		{8EE28A96-5267-49DF-B42B-A66D447EEDEF}.Release|x64.ActiveCfg = Release|x64
		{8EE28A96-5267-49DF-B42B-A66D447EEDEF}.Release|x64.Build.0 = Release|x64
		{8EE28A96-5267-49DF-B42B-A66D447EEDEF}.Release|x86.ActiveCfg = Release|Win32
		{8EE28A96-5267-49DF-B42B-A66D447EEDEF}.Release|x86.Build.0 = Release|Win32
		{B3F1FC1A-991D-44B4-B992-9EFEBB19CABB}.Debug|x64.ActiveCfg = Debug|x64
		{B3F1FC1A-991D-44B4-B992-9EFEBB19CABB}.Debug|x64.Build.0 = Debug|x64
		{B3F1FC1A-991D-44B4-B992-9EFEBB19CABB}.Debug|x86.ActiveCfg = Debug|Win32
		{B3F1FC1A-991D-44B4-B992-9EFEBB19CABB}.Debug|x86.Build.0 = Debug|Win32
		{B3F1FC1A-991D-44B4-B992-9EFEBB19CABB}.Release|x64.ActiveCfg = Release|x64
		{B3F1FC1A-991D-44B4-B992-9EFEBB19CABB}.Release|x64.Build.0 = Release|x64
		{B3F1FC1A-991D-44B4-B992-9EFEBB19CABB}.Release|x86.ActiveCfg = Release|Win32
		{B3F1FC1A-991D-44B4-B992-9EFEBB19CABB}.Release|x86.Build.0 = Release|Win32
		{8D2D75C6-02F1-4B2D-8D4B-AE9E3A3E7063}.Debug|x64.ActiveCfg = Debug|x64
		{8D2D75C6-02F1-4B2D-8D4B-AE9E3A3E7063}.Debug|x64.Build.0 = Debug|x64
		{8D2D75C6-02F1-4B2D-8D4B-AE9E3A3E7063}.Debug|x86.ActiveCfg = Debug|Win32
		{8D2D75C6-02F1-4B2D-8D4B-AE9E3A3E7063}.Debug|x86.Build.0 = Debug|Win32
		{8D2D75C6-02F1-4B2D-8D4B-AE9E3A3E7063}.Release|x64.ActiveCfg = Release|x64
		{8D2D75C6-02F1-4B2D-8D4B-AE9E3A3E7063}.Release|x64.Build.0 = Release|x64
		{8D2D75C6-02F1-4B2D-8D4B-AE9E3A3E7063}.Release|x86.ActiveCfg = Release|Win32
		{8D2D75C6-02F1-4B2D-8D4B-AE9E3A3E7063}.Release|x86.Build.0 = Release|Win32
		{FAADDD80-9BA9-4481-B088-CE9EDC7DD045}.Debug|x64.ActiveCfg = Debug|x64
		{FAADDD80-9BA9-4481-B088-CE9EDC7DD045}.Debug|x64.Build.0 = Debug|x64
		{FAADDD80-9BA9-4481-B088-CE9EDC7DD045}.Debug|x86.ActiveCfg = Debug|Win32
		{FAADDD80-9BA9-4481-B088-CE9EDC7DD045}.Debug|x86.Build.0 = Debug|Win32
		{FAADDD80-9BA9-4481-B088-CE9EDC7DD045}.Release|x64.ActiveCfg = Release|x64
		{FAADDD80-9BA9-4481-B088-CE9EDC7DD045}.Release|x64.Build.0 = Release|x64
		{FAADDD80-9BA9-4481-B088-CE9EDC7DD045}.Release|x86.ActiveCfg = Release|Win32
		{FAADDD80-9BA9-4481-B088-CE9EDC7DD045}.Release|x86.Build.0 = Release|Win32
	EndGlobalSection
	GlobalSection(SolutionProperties) = preSolution
		HideSolutionNode = FALSE
	EndGlobalSection
	GlobalSection(ExtensibilityGlobals) = postSolution
		SolutionGuid = {A22B0727-FCF9-4761-9F0E-6457FEC1A8B8}
	EndGlobalSection
EndGlobal
