
Microsoft Visual Studio Solution File, Format Version 12.00
# Visual Studio Version 17
VisualStudioVersion = 17.11.35312.102
MinimumVisualStudioVersion = 10.0.40219.1
Project("{8BC9CEB8-8B4A-11D0-8D11-00A0C91BC942}") = "Task01", "2024.12.09-Homework-3\2024.12.09-Homework-3.vcxproj", "{5AD835C9-6A16-4576-B903-9B85FDC8A850}"
EndProject
Project("{8BC9CEB8-8B4A-11D0-8D11-00A0C91BC942}") = "Task02", "Task02\Task02.vcxproj", "{98016C27-AAAB-4044-9090-CA7142457A03}"
EndProject
Global
	GlobalSection(SolutionConfigurationPlatforms) = preSolution
		Debug|x64 = Debug|x64
		Debug|x86 = Debug|x86
		Release|x64 = Release|x64
		Release|x86 = Release|x86
	EndGlobalSection
	GlobalSection(ProjectConfigurationPlatforms) = postSolution
		{5AD835C9-6A16-4576-B903-9B85FDC8A850}.Debug|x64.ActiveCfg = Debug|x64
		{5AD835C9-6A16-4576-B903-9B85FDC8A850}.Debug|x64.Build.0 = Debug|x64
		{5AD835C9-6A16-4576-B903-9B85FDC8A850}.Debug|x86.ActiveCfg = Debug|Win32
		{5AD835C9-6A16-4576-B903-9B85FDC8A850}.Debug|x86.Build.0 = Debug|Win32
		{5AD835C9-6A16-4576-B903-9B85FDC8A850}.Release|x64.ActiveCfg = Release|x64
		{5AD835C9-6A16-4576-B903-9B85FDC8A850}.Release|x64.Build.0 = Release|x64
		{5AD835C9-6A16-4576-B903-9B85FDC8A850}.Release|x86.ActiveCfg = Release|Win32
		{5AD835C9-6A16-4576-B903-9B85FDC8A850}.Release|x86.Build.0 = Release|Win32
		{98016C27-AAAB-4044-9090-CA7142457A03}.Debug|x64.ActiveCfg = Debug|x64
		{98016C27-AAAB-4044-9090-CA7142457A03}.Debug|x64.Build.0 = Debug|x64
		{98016C27-AAAB-4044-9090-CA7142457A03}.Debug|x86.ActiveCfg = Debug|Win32
		{98016C27-AAAB-4044-9090-CA7142457A03}.Debug|x86.Build.0 = Debug|Win32
		{98016C27-AAAB-4044-9090-CA7142457A03}.Release|x64.ActiveCfg = Release|x64
		{98016C27-AAAB-4044-9090-CA7142457A03}.Release|x64.Build.0 = Release|x64
		{98016C27-AAAB-4044-9090-CA7142457A03}.Release|x86.ActiveCfg = Release|Win32
		{98016C27-AAAB-4044-9090-CA7142457A03}.Release|x86.Build.0 = Release|Win32
	EndGlobalSection
	GlobalSection(SolutionProperties) = preSolution
		HideSolutionNode = FALSE
	EndGlobalSection
	GlobalSection(ExtensibilityGlobals) = postSolution
		SolutionGuid = {A22B0727-FCF9-4761-9F0E-6457FEC1A8B8}
	EndGlobalSection
EndGlobal
